
Microsoft Visual Studio Solution File, Format Version 12.00
# Visual Studio Version 16
VisualStudioVersion = 16.0.30011.22
MinimumVisualStudioVersion = 10.0.40219.1
Project("{FAE04EC0-301F-11D3-BF4B-00C04F79EFBC}") = "PML.PrimeNumber", "PML.PrimeNumber\PML.PrimeNumber.csproj", "{5EBE1CD3-EBB0-46AF-8F7C-E63EE48F9628}"
EndProject
Global
	GlobalSection(SolutionConfigurationPlatforms) = preSolution
		Debug|Any CPU = Debug|Any CPU
		Release|Any CPU = Release|Any CPU
	EndGlobalSection
	GlobalSection(ProjectConfigurationPlatforms) = postSolution
		{5EBE1CD3-EBB0-46AF-8F7C-E63EE48F9628}.Debug|Any CPU.ActiveCfg = Debug|Any CPU
		{5EBE1CD3-EBB0-46AF-8F7C-E63EE48F9628}.Debug|Any CPU.Build.0 = Debug|Any CPU
		{5EBE1CD3-EBB0-46AF-8F7C-E63EE48F9628}.Release|Any CPU.ActiveCfg = Release|Any CPU
		{5EBE1CD3-EBB0-46AF-8F7C-E63EE48F9628}.Release|Any CPU.Build.0 = Release|Any CPU
	EndGlobalSection
	GlobalSection(SolutionProperties) = preSolution
		HideSolutionNode = FALSE
	EndGlobalSection
	GlobalSection(ExtensibilityGlobals) = postSolution
		SolutionGuid = {51680B33-69BF-415C-B0DC-76465FA10272}
	EndGlobalSection
EndGlobal
