
Microsoft Visual Studio Solution File, Format Version 12.00
# Visual Studio Version 16
VisualStudioVersion = 16.0.30011.22
MinimumVisualStudioVersion = 10.0.40219.1
Project("{FAE04EC0-301F-11D3-BF4B-00C04F79EFBC}") = "ConsoleAppPMLTest2_2", "ConsoleAppPMLTest2_2\ConsoleAppPMLTest2_2.csproj", "{42E5806A-8AFD-403E-82ED-FCFBAD3CD047}"
EndProject
Global
	GlobalSection(SolutionConfigurationPlatforms) = preSolution
		Debug|Any CPU = Debug|Any CPU
		Release|Any CPU = Release|Any CPU
	EndGlobalSection
	GlobalSection(ProjectConfigurationPlatforms) = postSolution
		{42E5806A-8AFD-403E-82ED-FCFBAD3CD047}.Debug|Any CPU.ActiveCfg = Debug|Any CPU
		{42E5806A-8AFD-403E-82ED-FCFBAD3CD047}.Debug|Any CPU.Build.0 = Debug|Any CPU
		{42E5806A-8AFD-403E-82ED-FCFBAD3CD047}.Release|Any CPU.ActiveCfg = Release|Any CPU
		{42E5806A-8AFD-403E-82ED-FCFBAD3CD047}.Release|Any CPU.Build.0 = Release|Any CPU
	EndGlobalSection
	GlobalSection(SolutionProperties) = preSolution
		HideSolutionNode = FALSE
	EndGlobalSection
	GlobalSection(ExtensibilityGlobals) = postSolution
		SolutionGuid = {8AC99D3E-D0E3-4643-9A9B-23B0DD61C850}
	EndGlobalSection
EndGlobal
